
Microsoft Visual Studio Solution File, Format Version 12.00
# Visual Studio 14
VisualStudioVersion = 14.0.25420.1
MinimumVisualStudioVersion = 10.0.40219.1
Project("{FAE04EC0-301F-11D3-BF4B-00C04F79EFBC}") = "WF001", "WF001\WF001.csproj", "{73E97ECB-C270-4372-A637-91F60843E540}"
EndProject
Project("{FAE04EC0-301F-11D3-BF4B-00C04F79EFBC}") = "IBusiness", "WF001\IBusiness\IBusiness.csproj", "{51011C5C-22E4-43A8-956D-3E02CD076F7A}"
EndProject
Project("{FAE04EC0-301F-11D3-BF4B-00C04F79EFBC}") = "IEntities", "WF001\IEntities\IEntities.csproj", "{C02192D5-8CE8-4A11-BC36-2CB8AEE56326}"
EndProject
Project("{FAE04EC0-301F-11D3-BF4B-00C04F79EFBC}") = "IPersistence", "WF001\IPersistence\IPersistence.csproj", "{586253C5-58E6-4DF7-ADA1-A4EAFAC0CEB7}"
EndProject
Global
	GlobalSection(SolutionConfigurationPlatforms) = preSolution
		Debug|Any CPU = Debug|Any CPU
		Debug|x64 = Debug|x64
		Debug|x86 = Debug|x86
		Release|Any CPU = Release|Any CPU
		Release|x64 = Release|x64
		Release|x86 = Release|x86
	EndGlobalSection
	GlobalSection(ProjectConfigurationPlatforms) = postSolution
		{73E97ECB-C270-4372-A637-91F60843E540}.Debug|Any CPU.ActiveCfg = Debug|Any CPU
		{73E97ECB-C270-4372-A637-91F60843E540}.Debug|Any CPU.Build.0 = Debug|Any CPU
		{73E97ECB-C270-4372-A637-91F60843E540}.Debug|x64.ActiveCfg = Debug|Any CPU
		{73E97ECB-C270-4372-A637-91F60843E540}.Debug|x64.Build.0 = Debug|Any CPU
		{73E97ECB-C270-4372-A637-91F60843E540}.Debug|x86.ActiveCfg = Debug|Any CPU
		{73E97ECB-C270-4372-A637-91F60843E540}.Debug|x86.Build.0 = Debug|Any CPU
		{73E97ECB-C270-4372-A637-91F60843E540}.Release|Any CPU.ActiveCfg = Release|Any CPU
		{73E97ECB-C270-4372-A637-91F60843E540}.Release|Any CPU.Build.0 = Release|Any CPU
		{73E97ECB-C270-4372-A637-91F60843E540}.Release|x64.ActiveCfg = Release|Any CPU
		{73E97ECB-C270-4372-A637-91F60843E540}.Release|x64.Build.0 = Release|Any CPU
		{73E97ECB-C270-4372-A637-91F60843E540}.Release|x86.ActiveCfg = Release|Any CPU
		{73E97ECB-C270-4372-A637-91F60843E540}.Release|x86.Build.0 = Release|Any CPU
		{51011C5C-22E4-43A8-956D-3E02CD076F7A}.Debug|Any CPU.ActiveCfg = Debug|Any CPU
		{51011C5C-22E4-43A8-956D-3E02CD076F7A}.Debug|Any CPU.Build.0 = Debug|Any CPU
		{51011C5C-22E4-43A8-956D-3E02CD076F7A}.Debug|x64.ActiveCfg = Debug|x64
		{51011C5C-22E4-43A8-956D-3E02CD076F7A}.Debug|x64.Build.0 = Debug|x64
		{51011C5C-22E4-43A8-956D-3E02CD076F7A}.Debug|x86.ActiveCfg = Debug|x86
		{51011C5C-22E4-43A8-956D-3E02CD076F7A}.Debug|x86.Build.0 = Debug|x86
		{51011C5C-22E4-43A8-956D-3E02CD076F7A}.Release|Any CPU.ActiveCfg = Release|Any CPU
		{51011C5C-22E4-43A8-956D-3E02CD076F7A}.Release|Any CPU.Build.0 = Release|Any CPU
		{51011C5C-22E4-43A8-956D-3E02CD076F7A}.Release|x64.ActiveCfg = Release|x64
		{51011C5C-22E4-43A8-956D-3E02CD076F7A}.Release|x64.Build.0 = Release|x64
		{51011C5C-22E4-43A8-956D-3E02CD076F7A}.Release|x86.ActiveCfg = Release|x86
		{51011C5C-22E4-43A8-956D-3E02CD076F7A}.Release|x86.Build.0 = Release|x86
		{C02192D5-8CE8-4A11-BC36-2CB8AEE56326}.Debug|Any CPU.ActiveCfg = Debug|Any CPU
		{C02192D5-8CE8-4A11-BC36-2CB8AEE56326}.Debug|Any CPU.Build.0 = Debug|Any CPU
		{C02192D5-8CE8-4A11-BC36-2CB8AEE56326}.Debug|x64.ActiveCfg = Debug|x64
		{C02192D5-8CE8-4A11-BC36-2CB8AEE56326}.Debug|x64.Build.0 = Debug|x64
		{C02192D5-8CE8-4A11-BC36-2CB8AEE56326}.Debug|x86.ActiveCfg = Debug|x86
		{C02192D5-8CE8-4A11-BC36-2CB8AEE56326}.Debug|x86.Build.0 = Debug|x86
		{C02192D5-8CE8-4A11-BC36-2CB8AEE56326}.Release|Any CPU.ActiveCfg = Release|Any CPU
		{C02192D5-8CE8-4A11-BC36-2CB8AEE56326}.Release|Any CPU.Build.0 = Release|Any CPU
		{C02192D5-8CE8-4A11-BC36-2CB8AEE56326}.Release|x64.ActiveCfg = Release|x64
		{C02192D5-8CE8-4A11-BC36-2CB8AEE56326}.Release|x64.Build.0 = Release|x64
		{C02192D5-8CE8-4A11-BC36-2CB8AEE56326}.Release|x86.ActiveCfg = Release|x86
		{C02192D5-8CE8-4A11-BC36-2CB8AEE56326}.Release|x86.Build.0 = Release|x86
		{586253C5-58E6-4DF7-ADA1-A4EAFAC0CEB7}.Debug|Any CPU.ActiveCfg = Debug|Any CPU
		{586253C5-58E6-4DF7-ADA1-A4EAFAC0CEB7}.Debug|Any CPU.Build.0 = Debug|Any CPU
		{586253C5-58E6-4DF7-ADA1-A4EAFAC0CEB7}.Debug|x64.ActiveCfg = Debug|x64
		{586253C5-58E6-4DF7-ADA1-A4EAFAC0CEB7}.Debug|x64.Build.0 = Debug|x64
		{586253C5-58E6-4DF7-ADA1-A4EAFAC0CEB7}.Debug|x86.ActiveCfg = Debug|x86
		{586253C5-58E6-4DF7-ADA1-A4EAFAC0CEB7}.Debug|x86.Build.0 = Debug|x86
		{586253C5-58E6-4DF7-ADA1-A4EAFAC0CEB7}.Release|Any CPU.ActiveCfg = Release|Any CPU
		{586253C5-58E6-4DF7-ADA1-A4EAFAC0CEB7}.Release|Any CPU.Build.0 = Release|Any CPU
		{586253C5-58E6-4DF7-ADA1-A4EAFAC0CEB7}.Release|x64.ActiveCfg = Release|x64
		{586253C5-58E6-4DF7-ADA1-A4EAFAC0CEB7}.Release|x64.Build.0 = Release|x64
		{586253C5-58E6-4DF7-ADA1-A4EAFAC0CEB7}.Release|x86.ActiveCfg = Release|x86
		{586253C5-58E6-4DF7-ADA1-A4EAFAC0CEB7}.Release|x86.Build.0 = Release|x86
	EndGlobalSection
	GlobalSection(SolutionProperties) = preSolution
		HideSolutionNode = FALSE
	EndGlobalSection
EndGlobal
